{
    "_readme": [
        "This file locks the dependencies of your project to a known state",
        "Read more about it at https://getcomposer.org/doc/01-basic-usage.md#composer-lock-the-lock-file",
        "This file is @generated automatically"
    ],
    "hash": "719f82e52f854af28c1526557ebd22ec",
    "content-hash": "466b8f103d492b8652f382529962fc84",
    "packages": [
        {
            "name": "arhitector/zerg",
            "version": "dev-master",
            "source": {
                "type": "git",
                "url": "https://github.com/jack-theripper/zerg.git",
                "reference": "4f3fe4eb75666fc193a0999710a724978bc890c2"
            },
            "dist": {
                "type": "zip",
                "url": "https://api.github.com/repos/jack-theripper/zerg/zipball/4f3fe4eb75666fc193a0999710a724978bc890c2",
                "reference": "4f3fe4eb75666fc193a0999710a724978bc890c2",
                "shasum": ""
            },
            "require": {
                "php": ">=5.4.0"
            },
            "require-dev": {
                "phpunit/phpunit": "4.2.*"
            },
            "type": "library",
            "autoload": {
                "psr-4": {
                    "Zerg\\": "src"
                }
            },
            "notification-url": "https://packagist.org/downloads/",
            "license": [
                "MIT"
            ],
            "authors": [
                {
                    "name": "Pavel Klementyev",
                    "email": "klimchek@gmail.com"
                },
                {
                    "name": "Dmitry Arhitector",
                    "email": "dmitry.arhitector@yandex.ru"
                }
            ],
            "description": "PHP structured binary parser",
            "keywords": [
                "binary"
            ],
            "time": "2016-12-24 12:14:18"
        }
    ],
    "packages-dev": [],
    "aliases": [],
    "minimum-stability": "dev",
    "stability-flags": {
        "arhitector/zerg": 20
    },
    "prefer-stable": false,
    "prefer-lowest": false,
    "platform": [],
    "platform-dev": []
}
